
Microsoft Visual Studio Solution File, Format Version 12.00
# Visual Studio Version 17
VisualStudioVersion = 17.10.35013.160
MinimumVisualStudioVersion = 10.0.40219.1
Project("{FAE04EC0-301F-11D3-BF4B-00C04F79EFBC}") = "EG-ERP", "EG-ERP.csproj", "{DD9C12D5-9724-4E41-B6A1-B4276A7C7851}"
EndProject
Global
	GlobalSection(SolutionConfigurationPlatforms) = preSolution
		Debug|Any CPU = Debug|Any CPU
		Release|Any CPU = Release|Any CPU
	EndGlobalSection
	GlobalSection(ProjectConfigurationPlatforms) = postSolution
		{DD9C12D5-9724-4E41-B6A1-B4276A7C7851}.Debug|Any CPU.ActiveCfg = Debug|Any CPU
		{DD9C12D5-9724-4E41-B6A1-B4276A7C7851}.Debug|Any CPU.Build.0 = Debug|Any CPU
		{DD9C12D5-9724-4E41-B6A1-B4276A7C7851}.Release|Any CPU.ActiveCfg = Release|Any CPU
		{DD9C12D5-9724-4E41-B6A1-B4276A7C7851}.Release|Any CPU.Build.0 = Release|Any CPU
	EndGlobalSection
	GlobalSection(SolutionProperties) = preSolution
		HideSolutionNode = FALSE
	EndGlobalSection
	GlobalSection(ExtensibilityGlobals) = postSolution
		SolutionGuid = {C7F3EE91-FF94-41DC-9A55-DC63DC042124}
	EndGlobalSection
EndGlobal
